{
  "version": 4,
  "terraform_version": "1.6.4",
  "serial": 56,
  "lineage": "667b30ea-56b1-924a-ff7e-48d626d7567d",
  "outputs": {
    "lambda_image_repo_arn": {
      "value": "arn:aws:ecr:us-east-1:767397887520:repository/lambda-py-ecr-image",
      "type": "string"
    },
    "lambda_image_repo_url": {
      "value": "767397887520.dkr.ecr.us-east-1.amazonaws.com/lambda-py-ecr-image",
      "type": "string"
    },
    "lambda_pipeline_url": {
      "value": "https://console.aws.amazon.com/codepipeline/home?region=us-east-1#/view/devops_lambda_docker-main-Pipeline",
      "type": "string"
    }
  },
  "resources": [
    {
      "mode": "data",
      "type": "archive_file",
      "name": "lambda_zip",
      "provider": "provider[\"registry.terraform.io/hashicorp/archive\"]",
      "instances": [
        {
          "schema_version": 0,
          "attributes": {
            "exclude_symlink_directories": null,
            "excludes": null,
            "id": "2931b6f2732f83e79d3d2aaf0071394a0766f2dd",
            "output_base64sha256": "jTIhUFHAOK8iQvvXAbQ+RsIK7pSPD2hMP2sxNfaGRzM=",
            "output_base64sha512": "6i0KXeuHpouot3eIInLpBqBmR3fd1tPIp9wytvt79zUXQA8U223p24l8a3l+jJme4lu/pMgkwd27QKgGYNkd7Q==",
            "output_file_mode": null,
            "output_md5": "376e812e72f56665286da63052f29d9e",
            "output_path": "lambda.zip",
            "output_sha": "2931b6f2732f83e79d3d2aaf0071394a0766f2dd",
            "output_sha256": "8d32215051c038af2242fbd701b43e46c20aee948f0f684c3f6b3135f6864733",
            "output_sha512": "ea2d0a5deb87a68ba8b777882272e906a0664777ddd6d3c8a7dc32b6fb7bf73517400f14db6de9db897c6b797e8c999ee25bbfa4c824c1ddbb40a80660d91ded",
            "output_size": 688,
            "source": [],
            "source_content": null,
            "source_content_filename": null,
            "source_dir": "lambda_source",
            "source_file": null,
            "type": "zip"
          },
          "sensitive_attributes": []
        }
      ]
    },
    {
      "mode": "data",
      "type": "aws_caller_identity",
      "name": "current",
      "provider": "provider[\"registry.terraform.io/hashicorp/aws\"]",
      "instances": [
        {
          "schema_version": 0,
          "attributes": {
            "account_id": "767397887520",
            "arn": "arn:aws:iam::767397887520:user/hemanth",
            "id": "767397887520",
            "user_id": "AIDA3FLD2PYQDS6AHXY4N"
          },
          "sensitive_attributes": []
        }
      ]
    },
    {
      "mode": "data",
      "type": "aws_codestarconnections_connection",
      "name": "connection",
      "provider": "provider[\"registry.terraform.io/hashicorp/aws\"]",
      "instances": [
        {
          "schema_version": 0,
          "attributes": {
            "arn": "arn:aws:codestar-connections:us-east-1:767397887520:connection/25d3ef23-7989-4134-8d38-d8c7cbc15fdd",
            "connection_status": "AVAILABLE",
            "host_arn": "",
            "id": "arn:aws:codestar-connections:us-east-1:767397887520:connection/25d3ef23-7989-4134-8d38-d8c7cbc15fdd",
            "name": "github-hemanthreddyjonnala",
            "provider_type": "GitHub",
            "tags": {}
          },
          "sensitive_attributes": []
        }
      ]
    },
    {
      "mode": "managed",
      "type": "aws_codebuild_project",
      "name": "codebuild",
      "provider": "provider[\"registry.terraform.io/hashicorp/aws\"]",
      "instances": [
        {
          "schema_version": 0,
          "attributes": {
            "arn": "arn:aws:codebuild:us-east-1:767397887520:project/codebuild-lambda_docker-main",
            "artifacts": [
              {
                "artifact_identifier": "",
                "bucket_owner_access": "",
                "encryption_disabled": false,
                "location": "",
                "name": "codebuild-lambda_docker-main",
                "namespace_type": "",
                "override_artifact_name": false,
                "packaging": "NONE",
                "path": "",
                "type": "CODEPIPELINE"
              }
            ],
            "badge_enabled": false,
            "badge_url": "",
            "build_batch_config": [],
            "build_timeout": 60,
            "cache": [
              {
                "location": "",
                "modes": [],
                "type": "NO_CACHE"
              }
            ],
            "concurrent_build_limit": 0,
            "description": "",
            "encryption_key": "arn:aws:kms:us-east-1:767397887520:alias/aws/s3",
            "environment": [
              {
                "certificate": "",
                "compute_type": "BUILD_GENERAL1_MEDIUM",
                "environment_variable": [
                  {
                    "name": "REPOSITORY_URI",
                    "type": "PLAINTEXT",
                    "value": "767397887520.dkr.ecr.us-east-1.amazonaws.com/lambda-py-ecr-image"
                  },
                  {
                    "name": "AWS_DEFAULT_REGION",
                    "type": "PLAINTEXT",
                    "value": "us-east-1"
                  },
                  {
                    "name": "CONTAINER_NAME",
                    "type": "PLAINTEXT",
                    "value": "lambda-py-container"
                  }
                ],
                "image": "aws/codebuild/amazonlinux2-x86_64-standard:4.0",
                "image_pull_credentials_type": "CODEBUILD",
                "privileged_mode": true,
                "registry_credential": [],
                "type": "LINUX_CONTAINER"
              }
            ],
            "file_system_locations": [],
            "id": "arn:aws:codebuild:us-east-1:767397887520:project/codebuild-lambda_docker-main",
            "logs_config": [
              {
                "cloudwatch_logs": [
                  {
                    "group_name": "",
                    "status": "ENABLED",
                    "stream_name": ""
                  }
                ],
                "s3_logs": [
                  {
                    "bucket_owner_access": "",
                    "encryption_disabled": false,
                    "location": "",
                    "status": "DISABLED"
                  }
                ]
              }
            ],
            "name": "codebuild-lambda_docker-main",
            "project_visibility": "PRIVATE",
            "public_project_alias": "",
            "queued_timeout": 480,
            "resource_access_role": "",
            "secondary_artifacts": [],
            "secondary_source_version": [],
            "secondary_sources": [],
            "service_role": "arn:aws:iam::767397887520:role/devops-lambda-codebuild-role",
            "source": [
              {
                "build_status_config": [],
                "buildspec": "version: 0.2\nruntime-versions:\n  java: corretto17\nphases:\n  install:\n    runtime-versions:\n      docker: 20\n  pre_build:\n    commands:\n      - echo Logging in to Amazon ECR...\n      - $(aws ecr get-login --region $AWS_DEFAULT_REGION --no-include-email)\n      - COMMIT_HASH=$(echo $CODEBUILD_RESOLVED_SOURCE_VERSION | cut -c 1-7)\n      - IMAGE_TAG=${COMMIT_HASH:=latest}\n      - echo java version\n      - echo $(java --version)         \n  build:\n    commands:\n      - echo Build started on `date`\n      - echo Building the jar\n      - echo Building the Docker image...\n      - docker build -t $REPOSITORY_URI:latest .\n      - docker tag $REPOSITORY_URI:latest $REPOSITORY_URI:$IMAGE_TAG\n  post_build:\n    commands:\n      - echo Build completed on `date`\n      - echo Pushing the Docker image...\n      - docker push $REPOSITORY_URI:latest\n      - docker push $REPOSITORY_URI:$IMAGE_TAG\n      - printf '[{\"name\":\"%s\",\"imageUri\":\"%s\"}]' $CONTAINER_NAME $REPOSITORY_URI:$IMAGE_TAG \u003e imagedefinitions.json\nartifacts:\n    files: imagedefinitions.json\n",
                "git_clone_depth": 0,
                "git_submodules_config": [],
                "insecure_ssl": false,
                "location": "",
                "report_build_status": false,
                "type": "CODEPIPELINE"
              }
            ],
            "source_version": "",
            "tags": {},
            "tags_all": {},
            "vpc_config": []
          },
          "sensitive_attributes": [],
          "private": "bnVsbA==",
          "dependencies": [
            "aws_ecr_repository.image_repo",
            "aws_iam_role.codebuild_role"
          ]
        }
      ]
    },
    {
      "mode": "managed",
      "type": "aws_codepipeline",
      "name": "pipeline",
      "provider": "provider[\"registry.terraform.io/hashicorp/aws\"]",
      "instances": [
        {
          "schema_version": 0,
          "attributes": {
            "arn": "arn:aws:codepipeline:us-east-1:767397887520:devops_lambda_docker-main-Pipeline",
            "artifact_store": [
              {
                "encryption_key": [],
                "location": "terraform-20240126230946877000000001",
                "region": "",
                "type": "S3"
              }
            ],
            "id": "devops_lambda_docker-main-Pipeline",
            "name": "devops_lambda_docker-main-Pipeline",
            "pipeline_type": "V1",
            "role_arn": "arn:aws:iam::767397887520:role/devops-lambda-codepipeline-role",
            "stage": [
              {
                "action": [
                  {
                    "category": "Source",
                    "configuration": {
                      "BranchName": "main",
                      "ConnectionArn": "arn:aws:codestar-connections:us-east-1:767397887520:connection/25d3ef23-7989-4134-8d38-d8c7cbc15fdd",
                      "FullRepositoryId": "hemanthreddyjonnala/lambda_docker"
                    },
                    "input_artifacts": [],
                    "name": "Source",
                    "namespace": "",
                    "output_artifacts": [
                      "SourceOutput"
                    ],
                    "owner": "AWS",
                    "provider": "CodeStarSourceConnection",
                    "region": "",
                    "role_arn": "",
                    "run_order": 1,
                    "version": "1"
                  }
                ],
                "name": "Source"
              },
              {
                "action": [
                  {
                    "category": "Build",
                    "configuration": {
                      "ProjectName": "arn:aws:codebuild:us-east-1:767397887520:project/codebuild-lambda_docker-main"
                    },
                    "input_artifacts": [
                      "SourceOutput"
                    ],
                    "name": "Build",
                    "namespace": "",
                    "output_artifacts": [
                      "BuildOutput"
                    ],
                    "owner": "AWS",
                    "provider": "CodeBuild",
                    "region": "",
                    "role_arn": "",
                    "run_order": 1,
                    "version": "1"
                  }
                ],
                "name": "Build"
              },
              {
                "action": [
                  {
                    "category": "Approval",
                    "configuration": {
                      "CustomData": "Approve or reject this stage"
                    },
                    "input_artifacts": [],
                    "name": "manual-approval-action",
                    "namespace": "",
                    "output_artifacts": [],
                    "owner": "AWS",
                    "provider": "Manual",
                    "region": "us-east-1",
                    "role_arn": "",
                    "run_order": 1,
                    "version": "1"
                  }
                ],
                "name": "manual-approval"
              },
              {
                "action": [
                  {
                    "category": "Invoke",
                    "configuration": {
                      "FunctionName": "ecr-docker-image-deploy-lambda-function",
                      "UserParameters": "{\"FunctionName\":\"devops-lambda-py-docker-image\",\"ecrImage\":\"767397887520.dkr.ecr.us-east-1.amazonaws.com/lambda-py-ecr-image:latest\"}"
                    },
                    "input_artifacts": [
                      "SourceOutput"
                    ],
                    "name": "DeployAction",
                    "namespace": "",
                    "output_artifacts": [],
                    "owner": "AWS",
                    "provider": "Lambda",
                    "region": "",
                    "role_arn": "",
                    "run_order": 1,
                    "version": "1"
                  }
                ],
                "name": "Deploy"
              }
            ],
            "tags": {},
            "tags_all": {},
            "variable": []
          },
          "sensitive_attributes": [],
          "private": "bnVsbA==",
          "dependencies": [
            "aws_codebuild_project.codebuild",
            "aws_ecr_repository.image_repo",
            "aws_iam_role.codebuild_role",
            "aws_iam_role.codepipeline_role",
            "aws_iam_role.lambda_execution_role",
            "aws_lambda_function.deploy_lambda",
            "aws_lambda_function.java_lambda",
            "aws_s3_bucket.artifact_bucket",
            "data.archive_file.lambda_zip",
            "data.aws_codestarconnections_connection.connection"
          ]
        }
      ]
    },
    {
      "mode": "managed",
      "type": "aws_ecr_repository",
      "name": "image_repo",
      "provider": "provider[\"registry.terraform.io/hashicorp/aws\"]",
      "instances": [
        {
          "schema_version": 0,
          "attributes": {
            "arn": "arn:aws:ecr:us-east-1:767397887520:repository/lambda-py-ecr-image",
            "encryption_configuration": [
              {
                "encryption_type": "AES256",
                "kms_key": ""
              }
            ],
            "force_delete": null,
            "id": "lambda-py-ecr-image",
            "image_scanning_configuration": [
              {
                "scan_on_push": false
              }
            ],
            "image_tag_mutability": "MUTABLE",
            "name": "lambda-py-ecr-image",
            "registry_id": "767397887520",
            "repository_url": "767397887520.dkr.ecr.us-east-1.amazonaws.com/lambda-py-ecr-image",
            "tags": {
              "Name": "lambda-py-ecr-image"
            },
            "tags_all": {
              "Name": "lambda-py-ecr-image"
            },
            "timeouts": null
          },
          "sensitive_attributes": [],
          "private": "eyJlMmJmYjczMC1lY2FhLTExZTYtOGY4OC0zNDM2M2JjN2M0YzAiOnsiZGVsZXRlIjoxMjAwMDAwMDAwMDAwfX0="
        }
      ]
    },
    {
      "mode": "managed",
      "type": "aws_iam_policy",
      "name": "codebuild_policy",
      "provider": "provider[\"registry.terraform.io/hashicorp/aws\"]",
      "instances": [
        {
          "schema_version": 0,
          "attributes": {
            "arn": "arn:aws:iam::767397887520:policy/terraform-20240126230948292100000005",
            "description": "Policy to allow codebuild to execute build spec",
            "id": "arn:aws:iam::767397887520:policy/terraform-20240126230948292100000005",
            "name": "terraform-20240126230948292100000005",
            "name_prefix": "terraform-",
            "path": "/",
            "policy": "{\"Statement\":[{\"Action\":[\"logs:CreateLogGroup\",\"logs:CreateLogStream\",\"logs:PutLogEvents\",\"ecr:GetAuthorizationToken\"],\"Effect\":\"Allow\",\"Resource\":\"*\"},{\"Action\":[\"s3:GetObject\",\"s3:GetObjectVersion\",\"s3:PutObject\"],\"Effect\":\"Allow\",\"Resource\":\"arn:aws:s3:::terraform-20240126230946877000000001/*\"},{\"Action\":[\"ecr:GetDownloadUrlForLayer\",\"ecr:BatchGetImage\",\"ecr:BatchCheckLayerAvailability\",\"ecr:PutImage\",\"ecr:InitiateLayerUpload\",\"ecr:UploadLayerPart\",\"ecr:CompleteLayerUpload\"],\"Effect\":\"Allow\",\"Resource\":\"arn:aws:ecr:us-east-1:767397887520:repository/lambda-py-ecr-image\"},{\"Action\":[\"ecr:GetDownloadUrlForLayer\",\"ecr:BatchGetImage\",\"ecr:BatchCheckLayerAvailability\"],\"Effect\":\"Allow\",\"Resource\":\"arn:aws:ecr:us-east-1:767397887520:repository/lambda-py-ecr-image\"}],\"Version\":\"2012-10-17\"}",
            "policy_id": "ANPA3FLD2PYQGCKWPUXUM",
            "tags": {},
            "tags_all": {}
          },
          "sensitive_attributes": [],
          "private": "bnVsbA==",
          "dependencies": [
            "aws_ecr_repository.image_repo",
            "aws_s3_bucket.artifact_bucket"
          ]
        }
      ]
    },
    {
      "mode": "managed",
      "type": "aws_iam_policy",
      "name": "codepipeline_policy",
      "provider": "provider[\"registry.terraform.io/hashicorp/aws\"]",
      "instances": [
        {
          "schema_version": 0,
          "attributes": {
            "arn": "arn:aws:iam::767397887520:policy/terraform-20240126230948291600000004",
            "description": "Policy to allow codepipeline to execute",
            "id": "arn:aws:iam::767397887520:policy/terraform-20240126230948291600000004",
            "name": "terraform-20240126230948291600000004",
            "name_prefix": "terraform-",
            "path": "/",
            "policy": "{\"Statement\":[{\"Action\":[\"s3:GetObject\",\"s3:GetObjectVersion\",\"s3:PutObject\",\"s3:GetBucketVersioning\"],\"Effect\":\"Allow\",\"Resource\":\"arn:aws:s3:::terraform-20240126230946877000000001/*\"},{\"Action\":[\"codebuild:StartBuild\",\"codebuild:BatchGetBuilds\",\"cloudformation:*\",\"iam:PassRole\"],\"Effect\":\"Allow\",\"Resource\":\"*\"},{\"Action\":[\"ecs:*\"],\"Effect\":\"Allow\",\"Resource\":\"*\"},{\"Action\":[\"codestar-connections:GetConnection\",\"codestar-connections:UseConnection\"],\"Effect\":\"Allow\",\"Resource\":\"*\"}],\"Version\":\"2012-10-17\"}",
            "policy_id": "ANPA3FLD2PYQATRRY5ZQG",
            "tags": {},
            "tags_all": {}
          },
          "sensitive_attributes": [],
          "private": "bnVsbA==",
          "dependencies": [
            "aws_s3_bucket.artifact_bucket"
          ]
        }
      ]
    },
    {
      "mode": "managed",
      "type": "aws_iam_policy",
      "name": "lambda_invoke_policy",
      "provider": "provider[\"registry.terraform.io/hashicorp/aws\"]",
      "instances": [
        {
          "schema_version": 0,
          "attributes": {
            "arn": "arn:aws:iam::767397887520:policy/devops-lambda-invoke-policy",
            "description": "Allows invoking the target Lambda function",
            "id": "arn:aws:iam::767397887520:policy/devops-lambda-invoke-policy",
            "name": "devops-lambda-invoke-policy",
            "name_prefix": "",
            "path": "/",
            "policy": "{\"Statement\":[{\"Action\":\"lambda:InvokeFunction\",\"Effect\":\"Allow\",\"Resource\":\"arn:aws:lambda:us-east-1:767397887520:function:ecr-docker-image-deploy-lambda-function\"}],\"Version\":\"2012-10-17\"}",
            "policy_id": "ANPA3FLD2PYQOHOVZH2DX",
            "tags": {},
            "tags_all": {}
          },
          "sensitive_attributes": [],
          "private": "bnVsbA==",
          "dependencies": [
            "aws_iam_role.lambda_execution_role",
            "aws_lambda_function.deploy_lambda",
            "data.archive_file.lambda_zip"
          ]
        }
      ]
    },
    {
      "mode": "managed",
      "type": "aws_iam_policy",
      "name": "lambda_policy",
      "provider": "provider[\"registry.terraform.io/hashicorp/aws\"]",
      "instances": [
        {
          "schema_version": 0,
          "attributes": {
            "arn": "arn:aws:iam::767397887520:policy/devops-lambda-create-network-interface-policy",
            "description": "Policy for Lambda to call CreateNetworkInterface",
            "id": "arn:aws:iam::767397887520:policy/devops-lambda-create-network-interface-policy",
            "name": "devops-lambda-create-network-interface-policy",
            "name_prefix": "",
            "path": "/",
            "policy": "{\"Statement\":[{\"Action\":\"ec2:*NetworkInterface*\",\"Effect\":\"Allow\",\"Resource\":\"*\"}],\"Version\":\"2012-10-17\"}",
            "policy_id": "ANPA3FLD2PYQJWQLCSASX",
            "tags": {},
            "tags_all": {}
          },
          "sensitive_attributes": [],
          "private": "bnVsbA=="
        }
      ]
    },
    {
      "mode": "managed",
      "type": "aws_iam_policy_attachment",
      "name": "lambda_policy_attachment",
      "provider": "provider[\"registry.terraform.io/hashicorp/aws\"]",
      "instances": [
        {
          "schema_version": 0,
          "attributes": {
            "groups": [],
            "id": "lambda-policy-attachment",
            "name": "lambda-policy-attachment",
            "policy_arn": "arn:aws:iam::aws:policy/AmazonRDSFullAccess",
            "roles": [
              "devops-lambda-execution-role"
            ],
            "users": []
          },
          "sensitive_attributes": [],
          "private": "bnVsbA==",
          "dependencies": [
            "aws_iam_role.lambda_execution_role"
          ]
        }
      ]
    },
    {
      "mode": "managed",
      "type": "aws_iam_role",
      "name": "codebuild_role",
      "provider": "provider[\"registry.terraform.io/hashicorp/aws\"]",
      "instances": [
        {
          "schema_version": 0,
          "attributes": {
            "arn": "arn:aws:iam::767397887520:role/devops-lambda-codebuild-role",
            "assume_role_policy": "{\"Statement\":[{\"Action\":\"sts:AssumeRole\",\"Effect\":\"Allow\",\"Principal\":{\"Service\":\"codebuild.amazonaws.com\"}}],\"Version\":\"2012-10-17\"}",
            "create_date": "2024-01-26T23:09:47Z",
            "description": "",
            "force_detach_policies": false,
            "id": "devops-lambda-codebuild-role",
            "inline_policy": [],
            "managed_policy_arns": [
              "arn:aws:iam::767397887520:policy/terraform-20240126230948292100000005"
            ],
            "max_session_duration": 3600,
            "name": "devops-lambda-codebuild-role",
            "name_prefix": "",
            "path": "/",
            "permissions_boundary": "",
            "tags": {
              "Name": "lambda-codebuild-role"
            },
            "tags_all": {
              "Name": "lambda-codebuild-role"
            },
            "unique_id": "AROA3FLD2PYQLCSOKYCJI"
          },
          "sensitive_attributes": [],
          "private": "bnVsbA=="
        }
      ]
    },
    {
      "mode": "managed",
      "type": "aws_iam_role",
      "name": "codepipeline_role",
      "provider": "provider[\"registry.terraform.io/hashicorp/aws\"]",
      "instances": [
        {
          "schema_version": 0,
          "attributes": {
            "arn": "arn:aws:iam::767397887520:role/devops-lambda-codepipeline-role",
            "assume_role_policy": "{\"Statement\":[{\"Action\":\"sts:AssumeRole\",\"Effect\":\"Allow\",\"Principal\":{\"Service\":\"codepipeline.amazonaws.com\"}}],\"Version\":\"2012-10-17\"}",
            "create_date": "2024-01-26T23:19:20Z",
            "description": "",
            "force_detach_policies": false,
            "id": "devops-lambda-codepipeline-role",
            "inline_policy": [],
            "managed_policy_arns": [
              "arn:aws:iam::767397887520:policy/devops-lambda-invoke-policy",
              "arn:aws:iam::767397887520:policy/terraform-20240126230948291600000004"
            ],
            "max_session_duration": 3600,
            "name": "devops-lambda-codepipeline-role",
            "name_prefix": "",
            "path": "/",
            "permissions_boundary": "",
            "tags": {
              "name": "lambda-codepipeline-role"
            },
            "tags_all": {
              "name": "lambda-codepipeline-role"
            },
            "unique_id": "AROA3FLD2PYQAHSK32DL5"
          },
          "sensitive_attributes": [],
          "private": "bnVsbA=="
        }
      ]
    },
    {
      "mode": "managed",
      "type": "aws_iam_role",
      "name": "lambda_execution_role",
      "provider": "provider[\"registry.terraform.io/hashicorp/aws\"]",
      "instances": [
        {
          "schema_version": 0,
          "attributes": {
            "arn": "arn:aws:iam::767397887520:role/devops-lambda-execution-role",
            "assume_role_policy": "{\"Statement\":[{\"Action\":\"sts:AssumeRole\",\"Effect\":\"Allow\",\"Principal\":{\"Service\":\"lambda.amazonaws.com\"},\"Sid\":\"\"},{\"Action\":\"sts:AssumeRole\",\"Effect\":\"Allow\",\"Principal\":{\"Service\":\"codedeploy.amazonaws.com\"}}],\"Version\":\"2012-10-17\"}",
            "create_date": "2024-01-26T23:09:47Z",
            "description": "",
            "force_detach_policies": false,
            "id": "devops-lambda-execution-role",
            "inline_policy": [
              {
                "name": "devops-lambda-execution-codepipeline-job-policy",
                "policy": "{\"Version\":\"2012-10-17\",\"Statement\":[{\"Action\":[\"codepipeline:PutJob*Result\"],\"Effect\":\"Allow\",\"Resource\":\"*\",\"Sid\":\"CodePipelinePermissions\"}]}"
              },
              {
                "name": "devops-lambda-execution-role-policy",
                "policy": "{\"Version\":\"2012-10-17\",\"Statement\":[{\"Action\":[\"lambda:UpdateFunctionCode\"],\"Effect\":\"Allow\",\"Resource\":\"arn:aws:lambda:us-east-1:*:function:*\"}]}"
              }
            ],
            "managed_policy_arns": [
              "arn:aws:iam::767397887520:policy/devops-lambda-create-network-interface-policy",
              "arn:aws:iam::aws:policy/AmazonRDSFullAccess",
              "arn:aws:iam::aws:policy/AmazonSQSFullAccess",
              "arn:aws:iam::aws:policy/service-role/AWSLambdaBasicExecutionRole"
            ],
            "max_session_duration": 3600,
            "name": "devops-lambda-execution-role",
            "name_prefix": "",
            "path": "/",
            "permissions_boundary": "",
            "tags": {},
            "tags_all": {},
            "unique_id": "AROA3FLD2PYQIETGJ7EHU"
          },
          "sensitive_attributes": [],
          "private": "bnVsbA=="
        }
      ]
    },
    {
      "mode": "managed",
      "type": "aws_iam_role_policy",
      "name": "lambda_execution_policy",
      "provider": "provider[\"registry.terraform.io/hashicorp/aws\"]",
      "instances": [
        {
          "schema_version": 0,
          "attributes": {
            "id": "devops-lambda-execution-role:devops-lambda-execution-codepipeline-job-policy",
            "name": "devops-lambda-execution-codepipeline-job-policy",
            "name_prefix": "",
            "policy": "{\"Version\":\"2012-10-17\",\"Statement\":[{\"Action\":[\"codepipeline:PutJob*Result\"],\"Effect\":\"Allow\",\"Resource\":\"*\",\"Sid\":\"CodePipelinePermissions\"}]}",
            "role": "devops-lambda-execution-role"
          },
          "sensitive_attributes": [],
          "private": "bnVsbA==",
          "dependencies": [
            "aws_iam_role.lambda_execution_role"
          ]
        }
      ]
    },
    {
      "mode": "managed",
      "type": "aws_iam_role_policy",
      "name": "lambda_execution_role_policy",
      "provider": "provider[\"registry.terraform.io/hashicorp/aws\"]",
      "instances": [
        {
          "schema_version": 0,
          "attributes": {
            "id": "devops-lambda-execution-role:devops-lambda-execution-role-policy",
            "name": "devops-lambda-execution-role-policy",
            "name_prefix": "",
            "policy": "{\"Version\":\"2012-10-17\",\"Statement\":[{\"Action\":[\"lambda:UpdateFunctionCode\"],\"Effect\":\"Allow\",\"Resource\":\"arn:aws:lambda:us-east-1:*:function:*\"}]}",
            "role": "devops-lambda-execution-role"
          },
          "sensitive_attributes": [],
          "private": "bnVsbA==",
          "dependencies": [
            "aws_iam_role.lambda_execution_role"
          ]
        }
      ]
    },
    {
      "mode": "managed",
      "type": "aws_iam_role_policy_attachment",
      "name": "codebuild-attach",
      "provider": "provider[\"registry.terraform.io/hashicorp/aws\"]",
      "instances": [
        {
          "schema_version": 0,
          "attributes": {
            "id": "devops-lambda-codebuild-role-20240126230948578900000006",
            "policy_arn": "arn:aws:iam::767397887520:policy/terraform-20240126230948292100000005",
            "role": "devops-lambda-codebuild-role"
          },
          "sensitive_attributes": [],
          "private": "bnVsbA==",
          "dependencies": [
            "aws_ecr_repository.image_repo",
            "aws_iam_policy.codebuild_policy",
            "aws_iam_role.codebuild_role",
            "aws_s3_bucket.artifact_bucket"
          ]
        }
      ]
    },
    {
      "mode": "managed",
      "type": "aws_iam_role_policy_attachment",
      "name": "codepipeline-attach",
      "provider": "provider[\"registry.terraform.io/hashicorp/aws\"]",
      "instances": [
        {
          "schema_version": 0,
          "attributes": {
            "id": "devops-lambda-codepipeline-role-20240126231921171100000002",
            "policy_arn": "arn:aws:iam::767397887520:policy/terraform-20240126230948291600000004",
            "role": "devops-lambda-codepipeline-role"
          },
          "sensitive_attributes": [],
          "private": "bnVsbA==",
          "dependencies": [
            "aws_iam_policy.codepipeline_policy",
            "aws_iam_role.codepipeline_role",
            "aws_s3_bucket.artifact_bucket"
          ]
        }
      ]
    },
    {
      "mode": "managed",
      "type": "aws_iam_role_policy_attachment",
      "name": "lambda_execution_role_policy",
      "provider": "provider[\"registry.terraform.io/hashicorp/aws\"]",
      "instances": [
        {
          "schema_version": 0,
          "attributes": {
            "id": "devops-lambda-execution-role-20240126230947396900000002",
            "policy_arn": "arn:aws:iam::aws:policy/service-role/AWSLambdaBasicExecutionRole",
            "role": "devops-lambda-execution-role"
          },
          "sensitive_attributes": [],
          "private": "bnVsbA==",
          "dependencies": [
            "aws_iam_role.lambda_execution_role"
          ]
        }
      ]
    },
    {
      "mode": "managed",
      "type": "aws_iam_role_policy_attachment",
      "name": "lambda_invoke_policy_attachment",
      "provider": "provider[\"registry.terraform.io/hashicorp/aws\"]",
      "instances": [
        {
          "schema_version": 0,
          "attributes": {
            "id": "devops-lambda-codepipeline-role-20240126231920731300000001",
            "policy_arn": "arn:aws:iam::767397887520:policy/devops-lambda-invoke-policy",
            "role": "devops-lambda-codepipeline-role"
          },
          "sensitive_attributes": [],
          "private": "bnVsbA==",
          "dependencies": [
            "aws_iam_policy.lambda_invoke_policy",
            "aws_iam_role.codepipeline_role",
            "aws_iam_role.lambda_execution_role",
            "aws_lambda_function.deploy_lambda",
            "data.archive_file.lambda_zip"
          ]
        }
      ]
    },
    {
      "mode": "managed",
      "type": "aws_iam_role_policy_attachment",
      "name": "lambda_policy_attachment",
      "provider": "provider[\"registry.terraform.io/hashicorp/aws\"]",
      "instances": [
        {
          "schema_version": 0,
          "attributes": {
            "id": "devops-lambda-execution-role-20240126231746725900000001",
            "policy_arn": "arn:aws:iam::767397887520:policy/devops-lambda-create-network-interface-policy",
            "role": "devops-lambda-execution-role"
          },
          "sensitive_attributes": [],
          "private": "bnVsbA==",
          "dependencies": [
            "aws_iam_policy.lambda_policy",
            "aws_iam_role.lambda_execution_role"
          ]
        }
      ]
    },
    {
      "mode": "managed",
      "type": "aws_iam_role_policy_attachment",
      "name": "lambda_sqs_policy_attachment",
      "provider": "provider[\"registry.terraform.io/hashicorp/aws\"]",
      "instances": [
        {
          "schema_version": 0,
          "attributes": {
            "id": "devops-lambda-execution-role-20240126230947480600000003",
            "policy_arn": "arn:aws:iam::aws:policy/AmazonSQSFullAccess",
            "role": "devops-lambda-execution-role"
          },
          "sensitive_attributes": [],
          "private": "bnVsbA==",
          "dependencies": [
            "aws_iam_role.lambda_execution_role"
          ]
        }
      ]
    },
    {
      "mode": "managed",
      "type": "aws_lambda_function",
      "name": "deploy_lambda",
      "provider": "provider[\"registry.terraform.io/hashicorp/aws\"]",
      "instances": [
        {
          "schema_version": 0,
          "attributes": {
            "architectures": [
              "x86_64"
            ],
            "arn": "arn:aws:lambda:us-east-1:767397887520:function:ecr-docker-image-deploy-lambda-function",
            "code_signing_config_arn": "",
            "dead_letter_config": [],
            "description": "",
            "environment": [],
            "ephemeral_storage": [
              {
                "size": 512
              }
            ],
            "file_system_config": [],
            "filename": "lambda.zip",
            "function_name": "ecr-docker-image-deploy-lambda-function",
            "handler": "lambda_function.lambda_handler",
            "id": "ecr-docker-image-deploy-lambda-function",
            "image_config": [],
            "image_uri": "",
            "invoke_arn": "arn:aws:apigateway:us-east-1:lambda:path/2015-03-31/functions/arn:aws:lambda:us-east-1:767397887520:function:ecr-docker-image-deploy-lambda-function/invocations",
            "kms_key_arn": "",
            "last_modified": "2024-01-26T23:16:19.664+0000",
            "layers": [],
            "logging_config": [
              {
                "application_log_level": "",
                "log_format": "Text",
                "log_group": "/aws/lambda/ecr-docker-image-deploy-lambda-function",
                "system_log_level": ""
              }
            ],
            "memory_size": 128,
            "package_type": "Zip",
            "publish": false,
            "qualified_arn": "arn:aws:lambda:us-east-1:767397887520:function:ecr-docker-image-deploy-lambda-function:$LATEST",
            "qualified_invoke_arn": "arn:aws:apigateway:us-east-1:lambda:path/2015-03-31/functions/arn:aws:lambda:us-east-1:767397887520:function:ecr-docker-image-deploy-lambda-function:$LATEST/invocations",
            "replace_security_groups_on_destroy": null,
            "replacement_security_group_ids": null,
            "reserved_concurrent_executions": -1,
            "role": "arn:aws:iam::767397887520:role/devops-lambda-execution-role",
            "runtime": "python3.9",
            "s3_bucket": null,
            "s3_key": null,
            "s3_object_version": null,
            "signing_job_arn": "",
            "signing_profile_version_arn": "",
            "skip_destroy": false,
            "snap_start": [],
            "source_code_hash": "jTIhUFHAOK8iQvvXAbQ+RsIK7pSPD2hMP2sxNfaGRzM=",
            "source_code_size": 688,
            "tags": {},
            "tags_all": {},
            "timeout": 60,
            "timeouts": null,
            "tracing_config": [
              {
                "mode": "PassThrough"
              }
            ],
            "version": "$LATEST",
            "vpc_config": []
          },
          "sensitive_attributes": [],
          "private": "eyJlMmJmYjczMC1lY2FhLTExZTYtOGY4OC0zNDM2M2JjN2M0YzAiOnsiY3JlYXRlIjo2MDAwMDAwMDAwMDAsImRlbGV0ZSI6NjAwMDAwMDAwMDAwLCJ1cGRhdGUiOjYwMDAwMDAwMDAwMH19",
          "dependencies": [
            "aws_iam_role.lambda_execution_role",
            "data.archive_file.lambda_zip"
          ]
        }
      ]
    },
    {
      "mode": "managed",
      "type": "aws_lambda_function",
      "name": "java_lambda",
      "provider": "provider[\"registry.terraform.io/hashicorp/aws\"]",
      "instances": [
        {
          "schema_version": 0,
          "attributes": {
            "architectures": [
              "x86_64"
            ],
            "arn": "arn:aws:lambda:us-east-1:767397887520:function:devops-lambda-py-docker-image",
            "code_signing_config_arn": "",
            "dead_letter_config": [],
            "description": "sample lambda for docker image",
            "environment": [],
            "ephemeral_storage": [
              {
                "size": 512
              }
            ],
            "file_system_config": [],
            "filename": null,
            "function_name": "devops-lambda-py-docker-image",
            "handler": "",
            "id": "devops-lambda-py-docker-image",
            "image_config": [],
            "image_uri": "767397887520.dkr.ecr.us-east-1.amazonaws.com/lambda-py-ecr-image:latest",
            "invoke_arn": "arn:aws:apigateway:us-east-1:lambda:path/2015-03-31/functions/arn:aws:lambda:us-east-1:767397887520:function:devops-lambda-py-docker-image/invocations",
            "kms_key_arn": "",
            "last_modified": "2024-01-26T23:38:16.000+0000",
            "layers": [],
            "logging_config": [
              {
                "application_log_level": "",
                "log_format": "Text",
                "log_group": "/aws/lambda/devops-lambda-py-docker-image",
                "system_log_level": ""
              }
            ],
            "memory_size": 256,
            "package_type": "Image",
            "publish": false,
            "qualified_arn": "arn:aws:lambda:us-east-1:767397887520:function:devops-lambda-py-docker-image:$LATEST",
            "qualified_invoke_arn": "arn:aws:apigateway:us-east-1:lambda:path/2015-03-31/functions/arn:aws:lambda:us-east-1:767397887520:function:devops-lambda-py-docker-image:$LATEST/invocations",
            "replace_security_groups_on_destroy": null,
            "replacement_security_group_ids": null,
            "reserved_concurrent_executions": -1,
            "role": "arn:aws:iam::767397887520:role/devops-lambda-execution-role",
            "runtime": "",
            "s3_bucket": null,
            "s3_key": null,
            "s3_object_version": null,
            "signing_job_arn": "",
            "signing_profile_version_arn": "",
            "skip_destroy": false,
            "snap_start": [],
            "source_code_hash": "041f38c979a1d38fc3bda62febc1c700b2b6e7243205c117d4ceb6c2492c9ac5",
            "source_code_size": 0,
            "tags": {},
            "tags_all": {},
            "timeout": 10,
            "timeouts": null,
            "tracing_config": [
              {
                "mode": "PassThrough"
              }
            ],
            "version": "$LATEST",
            "vpc_config": []
          },
          "sensitive_attributes": [],
          "private": "eyJlMmJmYjczMC1lY2FhLTExZTYtOGY4OC0zNDM2M2JjN2M0YzAiOnsiY3JlYXRlIjo2MDAwMDAwMDAwMDAsImRlbGV0ZSI6NjAwMDAwMDAwMDAwLCJ1cGRhdGUiOjYwMDAwMDAwMDAwMH19",
          "dependencies": [
            "aws_ecr_repository.image_repo",
            "aws_iam_role.lambda_execution_role"
          ]
        }
      ]
    },
    {
      "mode": "managed",
      "type": "aws_s3_bucket",
      "name": "artifact_bucket",
      "provider": "provider[\"registry.terraform.io/hashicorp/aws\"]",
      "instances": [
        {
          "schema_version": 0,
          "attributes": {
            "acceleration_status": "",
            "acl": null,
            "arn": "arn:aws:s3:::terraform-20240126230946877000000001",
            "bucket": "terraform-20240126230946877000000001",
            "bucket_domain_name": "terraform-20240126230946877000000001.s3.amazonaws.com",
            "bucket_prefix": "terraform-",
            "bucket_regional_domain_name": "terraform-20240126230946877000000001.s3.us-east-1.amazonaws.com",
            "cors_rule": [],
            "force_destroy": false,
            "grant": [
              {
                "id": "cc447f5c8d6a152445b38f2492e89a49bf119292d3d29eda31bd0146112fc991",
                "permissions": [
                  "FULL_CONTROL"
                ],
                "type": "CanonicalUser",
                "uri": ""
              }
            ],
            "hosted_zone_id": "Z3AQBSTGFYJSTF",
            "id": "terraform-20240126230946877000000001",
            "lifecycle_rule": [],
            "logging": [],
            "object_lock_configuration": [],
            "object_lock_enabled": false,
            "policy": "",
            "region": "us-east-1",
            "replication_configuration": [],
            "request_payer": "BucketOwner",
            "server_side_encryption_configuration": [
              {
                "rule": [
                  {
                    "apply_server_side_encryption_by_default": [
                      {
                        "kms_master_key_id": "",
                        "sse_algorithm": "AES256"
                      }
                    ],
                    "bucket_key_enabled": false
                  }
                ]
              }
            ],
            "tags": {
              "Name": "devops-lambda-artifacts"
            },
            "tags_all": {
              "Name": "devops-lambda-artifacts"
            },
            "timeouts": null,
            "versioning": [
              {
                "enabled": false,
                "mfa_delete": false
              }
            ],
            "website": [],
            "website_domain": null,
            "website_endpoint": null
          },
          "sensitive_attributes": [],
          "private": "eyJlMmJmYjczMC1lY2FhLTExZTYtOGY4OC0zNDM2M2JjN2M0YzAiOnsiY3JlYXRlIjoxMjAwMDAwMDAwMDAwLCJkZWxldGUiOjM2MDAwMDAwMDAwMDAsInJlYWQiOjEyMDAwMDAwMDAwMDAsInVwZGF0ZSI6MTIwMDAwMDAwMDAwMH19"
        }
      ]
    }
  ],
  "check_results": null
}
